
Microsoft Visual Studio Solution File, Format Version 12.00
# Visual Studio Version 16
VisualStudioVersion = 16.0.30114.105
MinimumVisualStudioVersion = 10.0.40219.1
Project("{FAE04EC0-301F-11D3-BF4B-00C04F79EFBC}") = "StrugglerV2", "StrugglerV2\StrugglerV2.csproj", "{5B898DB1-7500-4291-8394-2A4AB12D5344}"
EndProject
Global
	GlobalSection(SolutionConfigurationPlatforms) = preSolution
		Debug|Any CPU = Debug|Any CPU
		Release|Any CPU = Release|Any CPU
	EndGlobalSection
	GlobalSection(ProjectConfigurationPlatforms) = postSolution
		{5B898DB1-7500-4291-8394-2A4AB12D5344}.Debug|Any CPU.ActiveCfg = Debug|Any CPU
		{5B898DB1-7500-4291-8394-2A4AB12D5344}.Debug|Any CPU.Build.0 = Debug|Any CPU
		{5B898DB1-7500-4291-8394-2A4AB12D5344}.Release|Any CPU.ActiveCfg = Release|Any CPU
		{5B898DB1-7500-4291-8394-2A4AB12D5344}.Release|Any CPU.Build.0 = Release|Any CPU
	EndGlobalSection
	GlobalSection(SolutionProperties) = preSolution
		HideSolutionNode = FALSE
	EndGlobalSection
	GlobalSection(ExtensibilityGlobals) = postSolution
		SolutionGuid = {E06EBBCA-6462-4705-BD3D-021E6C9BAA53}
	EndGlobalSection
EndGlobal
